dependencies:
- name: service-base-chart
  repository: s3://helmrepository.build.hubbleprotocol.io
  version: 0.0.1
- name: redis
  repository: https://charts.bitnami.com/bitnami
  version: 16.4.5
digest: sha256:1740025135f63ac15b591cbd26187f6c91e61443a9c30f78418976c184c5da71
generated: "2022-05-24T17:23:59.208448865+01:00"
